
Microsoft Visual Studio Solution File, Format Version 12.00
# Visual Studio Version 16
VisualStudioVersion = 16.0.29123.88
MinimumVisualStudioVersion = 10.0.40219.1
Project("{9A19103F-16F7-4668-BE54-9A1E7A4F7556}") = "ngcore_auth", "ngcore_auth.csproj", "{C74E559C-41E8-4D2D-A8B8-D8172181F84A}"
EndProject
Global
	GlobalSection(SolutionConfigurationPlatforms) = preSolution
		Debug|Any CPU = Debug|Any CPU
		Release|Any CPU = Release|Any CPU
	EndGlobalSection
	GlobalSection(ProjectConfigurationPlatforms) = postSolution
		{C74E559C-41E8-4D2D-A8B8-D8172181F84A}.Debug|Any CPU.ActiveCfg = Debug|Any CPU
		{C74E559C-41E8-4D2D-A8B8-D8172181F84A}.Debug|Any CPU.Build.0 = Debug|Any CPU
		{C74E559C-41E8-4D2D-A8B8-D8172181F84A}.Release|Any CPU.ActiveCfg = Release|Any CPU
		{C74E559C-41E8-4D2D-A8B8-D8172181F84A}.Release|Any CPU.Build.0 = Release|Any CPU
	EndGlobalSection
	GlobalSection(SolutionProperties) = preSolution
		HideSolutionNode = FALSE
	EndGlobalSection
	GlobalSection(ExtensibilityGlobals) = postSolution
		SolutionGuid = {25515203-5E4C-4738-8E55-18B6C5B0F275}
	EndGlobalSection
EndGlobal
